// !$*UTF8*$!
{
	archiveVersion = 1;
	classes = {
	};
	objectVersion = 50;
	objects = {

/* Begin PBXBuildFile section */
		8C315C9C2558A0C300AD01B5 /* land_mppApp.swift in Sources */ = {isa = PBXBuildFile; fileRef = 8C315C9B2558A0C300AD01B5 /* land_mppApp.swift */; };
		8C315C9E2558A0C300AD01B5 /* LandmarkDetail.swift in Sources */ = {isa = PBXBuildFile; fileRef = 8C315C9D2558A0C300AD01B5 /* LandmarkDetail.swift */; };
		8C315CA02558A0C500AD01B5 /* Assets.xcassets in Resources */ = {isa = PBXBuildFile; fileRef = 8C315C9F2558A0C500AD01B5 /* Assets.xcassets */; };
		8C315CA32558A0C500AD01B5 /* Preview Assets.xcassets in Resources */ = {isa = PBXBuildFile; fileRef = 8C315CA22558A0C500AD01B5 /* Preview Assets.xcassets */; };
		8C315CAE2558A0C600AD01B5 /* land_mppTests.swift in Sources */ = {isa = PBXBuildFile; fileRef = 8C315CAD2558A0C600AD01B5 /* land_mppTests.swift */; };
		8C315CB92558A0C600AD01B5 /* land_mppUITests.swift in Sources */ = {isa = PBXBuildFile; fileRef = 8C315CB82558A0C600AD01B5 /* land_mppUITests.swift */; };
		8C315CCF2558A69000AD01B5 /* MapView.swift in Sources */ = {isa = PBXBuildFile; fileRef = 8C315CCE2558A69000AD01B5 /* MapView.swift */; };
		8C315CD62558A92500AD01B5 /* Data.swift in Sources */ = {isa = PBXBuildFile; fileRef = 8C315CD42558A92500AD01B5 /* Data.swift */; };
		8C315CD72558A92500AD01B5 /* Landmark.swift in Sources */ = {isa = PBXBuildFile; fileRef = 8C315CD52558A92500AD01B5 /* Landmark.swift */; };
		8C315CE92558A93D00AD01B5 /* turtlerock.jpg in Resources */ = {isa = PBXBuildFile; fileRef = 8C315CDC2558A93D00AD01B5 /* turtlerock.jpg */; };
		8C315CEA2558A93D00AD01B5 /* silversalmoncreek.jpg in Resources */ = {isa = PBXBuildFile; fileRef = 8C315CDD2558A93D00AD01B5 /* silversalmoncreek.jpg */; };
		8C315CEB2558A93D00AD01B5 /* icybay.jpg in Resources */ = {isa = PBXBuildFile; fileRef = 8C315CDE2558A93D00AD01B5 /* icybay.jpg */; };
		8C315CEC2558A93D00AD01B5 /* lakemcdonald.jpg in Resources */ = {isa = PBXBuildFile; fileRef = 8C315CDF2558A93D00AD01B5 /* lakemcdonald.jpg */; };
		8C315CED2558A93D00AD01B5 /* hiddenlake.jpg in Resources */ = {isa = PBXBuildFile; fileRef = 8C315CE02558A93D00AD01B5 /* hiddenlake.jpg */; };
		8C315CEE2558A93D00AD01B5 /* twinlake.jpg in Resources */ = {isa = PBXBuildFile; fileRef = 8C315CE12558A93D00AD01B5 /* twinlake.jpg */; };
		8C315CEF2558A93D00AD01B5 /* umbagog.jpg in Resources */ = {isa = PBXBuildFile; fileRef = 8C315CE22558A93D00AD01B5 /* umbagog.jpg */; };
		8C315CF12558A93D00AD01B5 /* chincoteague.jpg in Resources */ = {isa = PBXBuildFile; fileRef = 8C315CE42558A93D00AD01B5 /* chincoteague.jpg */; };
		8C315CF22558A93D00AD01B5 /* charleyrivers.jpg in Resources */ = {isa = PBXBuildFile; fileRef = 8C315CE52558A93D00AD01B5 /* charleyrivers.jpg */; };
		8C315CF32558A93D00AD01B5 /* stmarylake.jpg in Resources */ = {isa = PBXBuildFile; fileRef = 8C315CE62558A93D00AD01B5 /* stmarylake.jpg */; };
		8C315CF42558A93D00AD01B5 /* chilkoottrail.jpg in Resources */ = {isa = PBXBuildFile; fileRef = 8C315CE72558A93D00AD01B5 /* chilkoottrail.jpg */; };
		8C315CF52558A93D00AD01B5 /* rainbowlake.jpg in Resources */ = {isa = PBXBuildFile; fileRef = 8C315CE82558A93D00AD01B5 /* rainbowlake.jpg */; };
		8C315D012558AAB400AD01B5 /* CircleImage.swift in Sources */ = {isa = PBXBuildFile; fileRef = 8C315D002558AAB400AD01B5 /* CircleImage.swift */; };
		8C315D0C2558AC8300AD01B5 /* LandmarkRow.swift in Sources */ = {isa = PBXBuildFile; fileRef = 8C315D0B2558AC8300AD01B5 /* LandmarkRow.swift */; };
		8C315D112558AD1700AD01B5 /* LandmarkList.swift in Sources */ = {isa = PBXBuildFile; fileRef = 8C315D102558AD1700AD01B5 /* LandmarkList.swift */; };
		8CD905D1255AD356002DEF19 /* landmarkData.json in Resources */ = {isa = PBXBuildFile; fileRef = 8CD905D0255AD356002DEF19 /* landmarkData.json */; };
		8CD905D9255AD785002DEF19 /* UserData.swift in Sources */ = {isa = PBXBuildFile; fileRef = 8CD905D8255AD785002DEF19 /* UserData.swift */; };
		8CD905E6255ADD96002DEF19 /* HexagonParameters.swift in Sources */ = {isa = PBXBuildFile; fileRef = 8CD905E5255ADD96002DEF19 /* HexagonParameters.swift */; };
		8CD905EE255ADDCE002DEF19 /* Badge.swift in Sources */ = {isa = PBXBuildFile; fileRef = 8CD905ED255ADDCE002DEF19 /* Badge.swift */; };
		8CD905F3255ADEF6002DEF19 /* BadgeBackground.swift in Sources */ = {isa = PBXBuildFile; fileRef = 8CD905F2255ADEF6002DEF19 /* BadgeBackground.swift */; };
		8CD90600255ADFEB002DEF19 /* BadgeSymbol.swift in Sources */ = {isa = PBXBuildFile; fileRef = 8CD905FF255ADFEB002DEF19 /* BadgeSymbol.swift */; };
		8CD90605255AE052002DEF19 /* RotatedBadgeSymbol.swift in Sources */ = {isa = PBXBuildFile; fileRef = 8CD90604255AE052002DEF19 /* RotatedBadgeSymbol.swift */; };
		8CD9060A255AE3CD002DEF19 /* HikeView.swift in Sources */ = {isa = PBXBuildFile; fileRef = 8CD90609255AE3CD002DEF19 /* HikeView.swift */; };
		8CD9060F255AE402002DEF19 /* HikeDetail.swift in Sources */ = {isa = PBXBuildFile; fileRef = 8CD9060E255AE402002DEF19 /* HikeDetail.swift */; };
		8CD90614255AE41E002DEF19 /* Hike.swift in Sources */ = {isa = PBXBuildFile; fileRef = 8CD90613255AE41E002DEF19 /* Hike.swift */; };
		8CD9061A255AE44E002DEF19 /* GraphCapsule.swift in Sources */ = {isa = PBXBuildFile; fileRef = 8CD90618255AE44D002DEF19 /* GraphCapsule.swift */; };
		8CD9061B255AE44E002DEF19 /* HikeGraph.swift in Sources */ = {isa = PBXBuildFile; fileRef = 8CD90619255AE44D002DEF19 /* HikeGraph.swift */; };
		8CD9062B255AE606002DEF19 /* hikeData.json in Resources */ = {isa = PBXBuildFile; fileRef = 8CD9062A255AE606002DEF19 /* hikeData.json */; };
		8CD90630255AEC85002DEF19 /* CategoryHome.swift in Sources */ = {isa = PBXBuildFile; fileRef = 8CD9062F255AEC85002DEF19 /* CategoryHome.swift */; };
		8CD90635255AED12002DEF19 /* CategoryRow.swift in Sources */ = {isa = PBXBuildFile; fileRef = 8CD90634255AED12002DEF19 /* CategoryRow.swift */; };
		8CD9063A255AF04D002DEF19 /* Profile.swift in Sources */ = {isa = PBXBuildFile; fileRef = 8CD90639255AF04D002DEF19 /* Profile.swift */; };
		8CD90640255AF0A5002DEF19 /* ProfileHost.swift in Sources */ = {isa = PBXBuildFile; fileRef = 8CD9063F255AF0A5002DEF19 /* ProfileHost.swift */; };
		8CD90648255AF107002DEF19 /* ProfileSummary.swift in Sources */ = {isa = PBXBuildFile; fileRef = 8CD90647255AF107002DEF19 /* ProfileSummary.swift */; };
		8CD9064D255AF149002DEF19 /* HikeBadge.swift in Sources */ = {isa = PBXBuildFile; fileRef = 8CD9064C255AF149002DEF19 /* HikeBadge.swift */; };
		8CD90652255AF299002DEF19 /* ProfileEditor.swift in Sources */ = {isa = PBXBuildFile; fileRef = 8CD90651255AF299002DEF19 /* ProfileEditor.swift */; };
/* End PBXBuildFile section */

/* Begin PBXContainerItemProxy section */
		8C315CAA2558A0C600AD01B5 /* PBXContainerItemProxy */ = {
			isa = PBXContainerItemProxy;
			containerPortal = 8C315C902558A0C300AD01B5 /* Project object */;
			proxyType = 1;
			remoteGlobalIDString = 8C315C972558A0C300AD01B5;
			remoteInfo = land_mpp;
		};
		8C315CB52558A0C600AD01B5 /* PBXContainerItemProxy */ = {
			isa = PBXContainerItemProxy;
			containerPortal = 8C315C902558A0C300AD01B5 /* Project object */;
			proxyType = 1;
			remoteGlobalIDString = 8C315C972558A0C300AD01B5;
			remoteInfo = land_mpp;
		};
/* End PBXContainerItemProxy section */

/* Begin PBXFileReference section */
		8C315C982558A0C300AD01B5 /* land_mpp.app */ = {isa = PBXFileReference; explicitFileType = wrapper.application; includeInIndex = 0; path = land_mpp.app; sourceTree = BUILT_PRODUCTS_DIR; };
		8C315C9B2558A0C300AD01B5 /* land_mppApp.swift */ = {isa = PBXFileReference; lastKnownFileType = sourcecode.swift; path = land_mppApp.swift; sourceTree = "<group>"; };
		8C315C9D2558A0C300AD01B5 /* LandmarkDetail.swift */ = {isa = PBXFileReference; lastKnownFileType = sourcecode.swift; path = LandmarkDetail.swift; sourceTree = "<group>"; };
		8C315C9F2558A0C500AD01B5 /* Assets.xcassets */ = {isa = PBXFileReference; lastKnownFileType = folder.assetcatalog; path = Assets.xcassets; sourceTree = "<group>"; };
		8C315CA22558A0C500AD01B5 /* Preview Assets.xcassets */ = {isa = PBXFileReference; lastKnownFileType = folder.assetcatalog; path = "Preview Assets.xcassets"; sourceTree = "<group>"; };
		8C315CA42558A0C500AD01B5 /* Info.plist */ = {isa = PBXFileReference; lastKnownFileType = text.plist.xml; path = Info.plist; sourceTree = "<group>"; };
		8C315CA92558A0C600AD01B5 /* land_mppTests.xctest */ = {isa = PBXFileReference; explicitFileType = wrapper.cfbundle; includeInIndex = 0; path = land_mppTests.xctest; sourceTree = BUILT_PRODUCTS_DIR; };
		8C315CAD2558A0C600AD01B5 /* land_mppTests.swift */ = {isa = PBXFileReference; lastKnownFileType = sourcecode.swift; path = land_mppTests.swift; sourceTree = "<group>"; };
		8C315CAF2558A0C600AD01B5 /* Info.plist */ = {isa = PBXFileReference; lastKnownFileType = text.plist.xml; path = Info.plist; sourceTree = "<group>"; };
		8C315CB42558A0C600AD01B5 /* land_mppUITests.xctest */ = {isa = PBXFileReference; explicitFileType = wrapper.cfbundle; includeInIndex = 0; path = land_mppUITests.xctest; sourceTree = BUILT_PRODUCTS_DIR; };
		8C315CB82558A0C600AD01B5 /* land_mppUITests.swift */ = {isa = PBXFileReference; lastKnownFileType = sourcecode.swift; path = land_mppUITests.swift; sourceTree = "<group>"; };
		8C315CBA2558A0C600AD01B5 /* Info.plist */ = {isa = PBXFileReference; lastKnownFileType = text.plist.xml; path = Info.plist; sourceTree = "<group>"; };
		8C315CCE2558A69000AD01B5 /* MapView.swift */ = {isa = PBXFileReference; lastKnownFileType = sourcecode.swift; path = MapView.swift; sourceTree = "<group>"; };
		8C315CD42558A92500AD01B5 /* Data.swift */ = {isa = PBXFileReference; fileEncoding = 4; lastKnownFileType = sourcecode.swift; path = Data.swift; sourceTree = "<group>"; };
		8C315CD52558A92500AD01B5 /* Landmark.swift */ = {isa = PBXFileReference; fileEncoding = 4; lastKnownFileType = sourcecode.swift; path = Landmark.swift; sourceTree = "<group>"; };
		8C315CDC2558A93D00AD01B5 /* turtlerock.jpg */ = {isa = PBXFileReference; lastKnownFileType = image.jpeg; path = turtlerock.jpg; sourceTree = "<group>"; };
		8C315CDD2558A93D00AD01B5 /* silversalmoncreek.jpg */ = {isa = PBXFileReference; lastKnownFileType = image.jpeg; path = silversalmoncreek.jpg; sourceTree = "<group>"; };
		8C315CDE2558A93D00AD01B5 /* icybay.jpg */ = {isa = PBXFileReference; lastKnownFileType = image.jpeg; path = icybay.jpg; sourceTree = "<group>"; };
		8C315CDF2558A93D00AD01B5 /* lakemcdonald.jpg */ = {isa = PBXFileReference; lastKnownFileType = image.jpeg; path = lakemcdonald.jpg; sourceTree = "<group>"; };
		8C315CE02558A93D00AD01B5 /* hiddenlake.jpg */ = {isa = PBXFileReference; lastKnownFileType = image.jpeg; path = hiddenlake.jpg; sourceTree = "<group>"; };
		8C315CE12558A93D00AD01B5 /* twinlake.jpg */ = {isa = PBXFileReference; lastKnownFileType = image.jpeg; path = twinlake.jpg; sourceTree = "<group>"; };
		8C315CE22558A93D00AD01B5 /* umbagog.jpg */ = {isa = PBXFileReference; lastKnownFileType = image.jpeg; path = umbagog.jpg; sourceTree = "<group>"; };
		8C315CE42558A93D00AD01B5 /* chincoteague.jpg */ = {isa = PBXFileReference; lastKnownFileType = image.jpeg; path = chincoteague.jpg; sourceTree = "<group>"; };
		8C315CE52558A93D00AD01B5 /* charleyrivers.jpg */ = {isa = PBXFileReference; lastKnownFileType = image.jpeg; path = charleyrivers.jpg; sourceTree = "<group>"; };
		8C315CE62558A93D00AD01B5 /* stmarylake.jpg */ = {isa = PBXFileReference; lastKnownFileType = image.jpeg; path = stmarylake.jpg; sourceTree = "<group>"; };
		8C315CE72558A93D00AD01B5 /* chilkoottrail.jpg */ = {isa = PBXFileReference; lastKnownFileType = image.jpeg; path = chilkoottrail.jpg; sourceTree = "<group>"; };
		8C315CE82558A93D00AD01B5 /* rainbowlake.jpg */ = {isa = PBXFileReference; lastKnownFileType = image.jpeg; path = rainbowlake.jpg; sourceTree = "<group>"; };
		8C315D002558AAB400AD01B5 /* CircleImage.swift */ = {isa = PBXFileReference; lastKnownFileType = sourcecode.swift; path = CircleImage.swift; sourceTree = "<group>"; };
		8C315D0B2558AC8300AD01B5 /* LandmarkRow.swift */ = {isa = PBXFileReference; lastKnownFileType = sourcecode.swift; path = LandmarkRow.swift; sourceTree = "<group>"; };
		8C315D102558AD1700AD01B5 /* LandmarkList.swift */ = {isa = PBXFileReference; lastKnownFileType = sourcecode.swift; path = LandmarkList.swift; sourceTree = "<group>"; };
		8CD905D0255AD356002DEF19 /* landmarkData.json */ = {isa = PBXFileReference; fileEncoding = 4; lastKnownFileType = text.json; name = landmarkData.json; path = ../../../Downloads/HandlingUserInput/StartingPoint/Landmarks/Landmarks/Resources/landmarkData.json; sourceTree = "<group>"; };
		8CD905D8255AD785002DEF19 /* UserData.swift */ = {isa = PBXFileReference; lastKnownFileType = sourcecode.swift; path = UserData.swift; sourceTree = "<group>"; };
		8CD905E5255ADD96002DEF19 /* HexagonParameters.swift */ = {isa = PBXFileReference; lastKnownFileType = sourcecode.swift; path = HexagonParameters.swift; sourceTree = "<group>"; };
		8CD905ED255ADDCE002DEF19 /* Badge.swift */ = {isa = PBXFileReference; lastKnownFileType = sourcecode.swift; path = Badge.swift; sourceTree = "<group>"; };
		8CD905F2255ADEF6002DEF19 /* BadgeBackground.swift */ = {isa = PBXFileReference; lastKnownFileType = sourcecode.swift; path = BadgeBackground.swift; sourceTree = "<group>"; };
		8CD905FF255ADFEB002DEF19 /* BadgeSymbol.swift */ = {isa = PBXFileReference; lastKnownFileType = sourcecode.swift; path = BadgeSymbol.swift; sourceTree = "<group>"; };
		8CD90604255AE052002DEF19 /* RotatedBadgeSymbol.swift */ = {isa = PBXFileReference; lastKnownFileType = sourcecode.swift; path = RotatedBadgeSymbol.swift; sourceTree = "<group>"; };
		8CD90609255AE3CD002DEF19 /* HikeView.swift */ = {isa = PBXFileReference; fileEncoding = 4; lastKnownFileType = sourcecode.swift; path = HikeView.swift; sourceTree = "<group>"; };
		8CD9060E255AE402002DEF19 /* HikeDetail.swift */ = {isa = PBXFileReference; fileEncoding = 4; lastKnownFileType = sourcecode.swift; path = HikeDetail.swift; sourceTree = "<group>"; };
		8CD90613255AE41E002DEF19 /* Hike.swift */ = {isa = PBXFileReference; fileEncoding = 4; lastKnownFileType = sourcecode.swift; path = Hike.swift; sourceTree = "<group>"; };
		8CD90618255AE44D002DEF19 /* GraphCapsule.swift */ = {isa = PBXFileReference; fileEncoding = 4; lastKnownFileType = sourcecode.swift; path = GraphCapsule.swift; sourceTree = "<group>"; };
		8CD90619255AE44D002DEF19 /* HikeGraph.swift */ = {isa = PBXFileReference; fileEncoding = 4; lastKnownFileType = sourcecode.swift; path = HikeGraph.swift; sourceTree = "<group>"; };
		8CD9062A255AE606002DEF19 /* hikeData.json */ = {isa = PBXFileReference; fileEncoding = 4; lastKnownFileType = text.json; path = hikeData.json; sourceTree = "<group>"; };
		8CD9062F255AEC85002DEF19 /* CategoryHome.swift */ = {isa = PBXFileReference; lastKnownFileType = sourcecode.swift; path = CategoryHome.swift; sourceTree = "<group>"; };
		8CD90634255AED12002DEF19 /* CategoryRow.swift */ = {isa = PBXFileReference; lastKnownFileType = sourcecode.swift; path = CategoryRow.swift; sourceTree = "<group>"; };
		8CD90639255AF04D002DEF19 /* Profile.swift */ = {isa = PBXFileReference; fileEncoding = 4; lastKnownFileType = sourcecode.swift; path = Profile.swift; sourceTree = "<group>"; };
		8CD9063F255AF0A5002DEF19 /* ProfileHost.swift */ = {isa = PBXFileReference; lastKnownFileType = sourcecode.swift; path = ProfileHost.swift; sourceTree = "<group>"; };
		8CD90647255AF107002DEF19 /* ProfileSummary.swift */ = {isa = PBXFileReference; lastKnownFileType = sourcecode.swift; path = ProfileSummary.swift; sourceTree = "<group>"; };
		8CD9064C255AF149002DEF19 /* HikeBadge.swift */ = {isa = PBXFileReference; lastKnownFileType = sourcecode.swift; path = HikeBadge.swift; sourceTree = "<group>"; };
		8CD90651255AF299002DEF19 /* ProfileEditor.swift */ = {isa = PBXFileReference; lastKnownFileType = sourcecode.swift; path = ProfileEditor.swift; sourceTree = "<group>"; };
/* End PBXFileReference section */

/* Begin PBXFrameworksBuildPhase section */
		8C315C952558A0C300AD01B5 /* Frameworks */ = {
			isa = PBXFrameworksBuildPhase;
			buildActionMask = 2147483647;
			files = (
			);
			runOnlyForDeploymentPostprocessing = 0;
		};
		8C315CA62558A0C600AD01B5 /* Frameworks */ = {
			isa = PBXFrameworksBuildPhase;
			buildActionMask = 2147483647;
			files = (
			);
			runOnlyForDeploymentPostprocessing = 0;
		};
		8C315CB12558A0C600AD01B5 /* Frameworks */ = {
			isa = PBXFrameworksBuildPhase;
			buildActionMask = 2147483647;
			files = (
			);
			runOnlyForDeploymentPostprocessing = 0;
		};
/* End PBXFrameworksBuildPhase section */

/* Begin PBXGroup section */
		8C315C8F2558A0C300AD01B5 = {
			isa = PBXGroup;
			children = (
				8CD90651255AF299002DEF19 /* ProfileEditor.swift */,
				8CD9064C255AF149002DEF19 /* HikeBadge.swift */,
				8CD90634255AED12002DEF19 /* CategoryRow.swift */,
				8CD9062F255AEC85002DEF19 /* CategoryHome.swift */,
				8CD90604255AE052002DEF19 /* RotatedBadgeSymbol.swift */,
				8CD905FF255ADFEB002DEF19 /* BadgeSymbol.swift */,
				8CD905F2255ADEF6002DEF19 /* BadgeBackground.swift */,
				8CD905ED255ADDCE002DEF19 /* Badge.swift */,
				8CD905D8255AD785002DEF19 /* UserData.swift */,
				8C315D102558AD1700AD01B5 /* LandmarkList.swift */,
				8C315D0B2558AC8300AD01B5 /* LandmarkRow.swift */,
				8CD90613255AE41E002DEF19 /* Hike.swift */,
				8CD9060E255AE402002DEF19 /* HikeDetail.swift */,
				8CD90639255AF04D002DEF19 /* Profile.swift */,
				8CD9063E255AF077002DEF19 /* Profile */,
				8CD905E5255ADD96002DEF19 /* HexagonParameters.swift */,
				8CD90609255AE3CD002DEF19 /* HikeView.swift */,
				8C315C9A2558A0C300AD01B5 /* land_mpp */,
				8C315CAC2558A0C600AD01B5 /* land_mppTests */,
				8C315CB72558A0C600AD01B5 /* land_mppUITests */,
				8C315C992558A0C300AD01B5 /* Products */,
				8C315CD32558A92500AD01B5 /* Models */,
				8C315CDB2558A93D00AD01B5 /* Resources */,
			);
			sourceTree = "<group>";
		};
		8C315C992558A0C300AD01B5 /* Products */ = {
			isa = PBXGroup;
			children = (
				8C315C982558A0C300AD01B5 /* land_mpp.app */,
				8C315CA92558A0C600AD01B5 /* land_mppTests.xctest */,
				8C315CB42558A0C600AD01B5 /* land_mppUITests.xctest */,
			);
			name = Products;
			sourceTree = "<group>";
		};
		8C315C9A2558A0C300AD01B5 /* land_mpp */ = {
			isa = PBXGroup;
			children = (
				8C315C9B2558A0C300AD01B5 /* land_mppApp.swift */,
				8C315C9D2558A0C300AD01B5 /* LandmarkDetail.swift */,
				8C315C9F2558A0C500AD01B5 /* Assets.xcassets */,
				8C315CF92558A9B500AD01B5 /* Supporting Views MPP */,
				8C315CA42558A0C500AD01B5 /* Info.plist */,
				8C315CA12558A0C500AD01B5 /* Preview Content */,
			);
			path = land_mpp;
			sourceTree = "<group>";
		};
		8C315CA12558A0C500AD01B5 /* Preview Content */ = {
			isa = PBXGroup;
			children = (
				8C315CA22558A0C500AD01B5 /* Preview Assets.xcassets */,
			);
			path = "Preview Content";
			sourceTree = "<group>";
		};
		8C315CAC2558A0C600AD01B5 /* land_mppTests */ = {
			isa = PBXGroup;
			children = (
				8C315CAD2558A0C600AD01B5 /* land_mppTests.swift */,
				8C315CAF2558A0C600AD01B5 /* Info.plist */,
			);
			path = land_mppTests;
			sourceTree = "<group>";
		};
		8C315CB72558A0C600AD01B5 /* land_mppUITests */ = {
			isa = PBXGroup;
			children = (
				8C315CB82558A0C600AD01B5 /* land_mppUITests.swift */,
				8C315CBA2558A0C600AD01B5 /* Info.plist */,
			);
			path = land_mppUITests;
			sourceTree = "<group>";
		};
		8C315CD32558A92500AD01B5 /* Models */ = {
			isa = PBXGroup;
			children = (
				8C315CD42558A92500AD01B5 /* Data.swift */,
				8C315CD52558A92500AD01B5 /* Landmark.swift */,
			);
			path = Models;
			sourceTree = "<group>";
		};
		8C315CDB2558A93D00AD01B5 /* Resources */ = {
			isa = PBXGroup;
			children = (
				8CD9062A255AE606002DEF19 /* hikeData.json */,
				8C315CDC2558A93D00AD01B5 /* turtlerock.jpg */,
				8C315CDD2558A93D00AD01B5 /* silversalmoncreek.jpg */,
				8C315CDE2558A93D00AD01B5 /* icybay.jpg */,
				8C315CDF2558A93D00AD01B5 /* lakemcdonald.jpg */,
				8C315CE02558A93D00AD01B5 /* hiddenlake.jpg */,
				8C315CE12558A93D00AD01B5 /* twinlake.jpg */,
				8C315CE22558A93D00AD01B5 /* umbagog.jpg */,
				8C315CE42558A93D00AD01B5 /* chincoteague.jpg */,
				8C315CE52558A93D00AD01B5 /* charleyrivers.jpg */,
				8C315CE62558A93D00AD01B5 /* stmarylake.jpg */,
				8C315CE72558A93D00AD01B5 /* chilkoottrail.jpg */,
				8C315CE82558A93D00AD01B5 /* rainbowlake.jpg */,
				8CD905D0255AD356002DEF19 /* landmarkData.json */,
			);
			path = Resources;
			sourceTree = "<group>";
		};
		8C315CF92558A9B500AD01B5 /* Supporting Views MPP */ = {
			isa = PBXGroup;
			children = (
				8CD90619255AE44D002DEF19 /* HikeGraph.swift */,
				8CD90618255AE44D002DEF19 /* GraphCapsule.swift */,
				8C315D002558AAB400AD01B5 /* CircleImage.swift */,
				8C315CCE2558A69000AD01B5 /* MapView.swift */,
			);
			path = "Supporting Views MPP";
			sourceTree = "<group>";
		};
		8CD9063E255AF077002DEF19 /* Profile */ = {
			isa = PBXGroup;
			children = (
				8CD9063F255AF0A5002DEF19 /* ProfileHost.swift */,
				8CD90647255AF107002DEF19 /* ProfileSummary.swift */,
			);
			path = Profile;
			sourceTree = "<group>";
		};
/* End PBXGroup section */

/* Begin PBXNativeTarget section */
		8C315C972558A0C300AD01B5 /* land_mpp */ = {
			isa = PBXNativeTarget;
			buildConfigurationList = 8C315CBD2558A0C600AD01B5 /* Build configuration list for PBXNativeTarget "land_mpp" */;
			buildPhases = (
				8C315C942558A0C300AD01B5 /* Sources */,
				8C315C952558A0C300AD01B5 /* Frameworks */,
				8C315C962558A0C300AD01B5 /* Resources */,
			);
			buildRules = (
			);
			dependencies = (
			);
			name = land_mpp;
			productName = land_mpp;
			productReference = 8C315C982558A0C300AD01B5 /* land_mpp.app */;
			productType = "com.apple.product-type.application";
		};
		8C315CA82558A0C600AD01B5 /* land_mppTests */ = {
			isa = PBXNativeTarget;
			buildConfigurationList = 8C315CC02558A0C600AD01B5 /* Build configuration list for PBXNativeTarget "land_mppTests" */;
			buildPhases = (
				8C315CA52558A0C600AD01B5 /* Sources */,
				8C315CA62558A0C600AD01B5 /* Frameworks */,
				8C315CA72558A0C600AD01B5 /* Resources */,
			);
			buildRules = (
			);
			dependencies = (
				8C315CAB2558A0C600AD01B5 /* PBXTargetDependency */,
			);
			name = land_mppTests;
			productName = land_mppTests;
			productReference = 8C315CA92558A0C600AD01B5 /* land_mppTests.xctest */;
			productType = "com.apple.product-type.bundle.unit-test";
		};
		8C315CB32558A0C600AD01B5 /* land_mppUITests */ = {
			isa = PBXNativeTarget;
			buildConfigurationList = 8C315CC32558A0C600AD01B5 /* Build configuration list for PBXNativeTarget "land_mppUITests" */;
			buildPhases = (
				8C315CB02558A0C600AD01B5 /* Sources */,
				8C315CB12558A0C600AD01B5 /* Frameworks */,
				8C315CB22558A0C600AD01B5 /* Resources */,
			);
			buildRules = (
			);
			dependencies = (
				8C315CB62558A0C600AD01B5 /* PBXTargetDependency */,
			);
			name = land_mppUITests;
			productName = land_mppUITests;
			productReference = 8C315CB42558A0C600AD01B5 /* land_mppUITests.xctest */;
			productType = "com.apple.product-type.bundle.ui-testing";
		};
/* End PBXNativeTarget section */

/* Begin PBXProject section */
		8C315C902558A0C300AD01B5 /* Project object */ = {
			isa = PBXProject;
			attributes = {
				LastSwiftUpdateCheck = 1200;
				LastUpgradeCheck = 1200;
				TargetAttributes = {
					8C315C972558A0C300AD01B5 = {
						CreatedOnToolsVersion = 12.0.1;
					};
					8C315CA82558A0C600AD01B5 = {
						CreatedOnToolsVersion = 12.0.1;
						TestTargetID = 8C315C972558A0C300AD01B5;
					};
					8C315CB32558A0C600AD01B5 = {
						CreatedOnToolsVersion = 12.0.1;
						TestTargetID = 8C315C972558A0C300AD01B5;
					};
				};
			};
			buildConfigurationList = 8C315C932558A0C300AD01B5 /* Build configuration list for PBXProject "land_mpp" */;
			compatibilityVersion = "Xcode 9.3";
			developmentRegion = en;
			hasScannedForEncodings = 0;
			knownRegions = (
				en,
				Base,
			);
			mainGroup = 8C315C8F2558A0C300AD01B5;
			productRefGroup = 8C315C992558A0C300AD01B5 /* Products */;
			projectDirPath = "";
			projectRoot = "";
			targets = (
				8C315C972558A0C300AD01B5 /* land_mpp */,
				8C315CA82558A0C600AD01B5 /* land_mppTests */,
				8C315CB32558A0C600AD01B5 /* land_mppUITests */,
			);
		};
/* End PBXProject section */

/* Begin PBXResourcesBuildPhase section */
		8C315C962558A0C300AD01B5 /* Resources */ = {
			isa = PBXResourcesBuildPhase;
			buildActionMask = 2147483647;
			files = (
				8CD9062B255AE606002DEF19 /* hikeData.json in Resources */,
				8C315CEC2558A93D00AD01B5 /* lakemcdonald.jpg in Resources */,
				8C315CF52558A93D00AD01B5 /* rainbowlake.jpg in Resources */,
				8C315CA32558A0C500AD01B5 /* Preview Assets.xcassets in Resources */,
				8C315CEE2558A93D00AD01B5 /* twinlake.jpg in Resources */,
				8C315CF32558A93D00AD01B5 /* stmarylake.jpg in Resources */,
				8C315CEA2558A93D00AD01B5 /* silversalmoncreek.jpg in Resources */,
				8C315CA02558A0C500AD01B5 /* Assets.xcassets in Resources */,
				8C315CEB2558A93D00AD01B5 /* icybay.jpg in Resources */,
				8CD905D1255AD356002DEF19 /* landmarkData.json in Resources */,
				8C315CF12558A93D00AD01B5 /* chincoteague.jpg in Resources */,
				8C315CF42558A93D00AD01B5 /* chilkoottrail.jpg in Resources */,
				8C315CEF2558A93D00AD01B5 /* umbagog.jpg in Resources */,
				8C315CE92558A93D00AD01B5 /* turtlerock.jpg in Resources */,
				8C315CF22558A93D00AD01B5 /* charleyrivers.jpg in Resources */,
				8C315CED2558A93D00AD01B5 /* hiddenlake.jpg in Resources */,
			);
			runOnlyForDeploymentPostprocessing = 0;
		};
		8C315CA72558A0C600AD01B5 /* Resources */ = {
			isa = PBXResourcesBuildPhase;
			buildActionMask = 2147483647;
			files = (
			);
			runOnlyForDeploymentPostprocessing = 0;
		};
		8C315CB22558A0C600AD01B5 /* Resources */ = {
			isa = PBXResourcesBuildPhase;
			buildActionMask = 2147483647;
			files = (
			);
			runOnlyForDeploymentPostprocessing = 0;
		};
/* End PBXResourcesBuildPhase section */

/* Begin PBXSourcesBuildPhase section */
		8C315C942558A0C300AD01B5 /* Sources */ = {
			isa = PBXSourcesBuildPhase;
			buildActionMask = 2147483647;
			files = (
				8CD90614255AE41E002DEF19 /* Hike.swift in Sources */,
				8C315CD62558A92500AD01B5 /* Data.swift in Sources */,
				8C315CCF2558A69000AD01B5 /* MapView.swift in Sources */,
				8CD90640255AF0A5002DEF19 /* ProfileHost.swift in Sources */,
				8CD90652255AF299002DEF19 /* ProfileEditor.swift in Sources */,
				8CD905EE255ADDCE002DEF19 /* Badge.swift in Sources */,
				8CD90635255AED12002DEF19 /* CategoryRow.swift in Sources */,
				8CD90630255AEC85002DEF19 /* CategoryHome.swift in Sources */,
				8CD9061B255AE44E002DEF19 /* HikeGraph.swift in Sources */,
				8C315D012558AAB400AD01B5 /* CircleImage.swift in Sources */,
				8CD905E6255ADD96002DEF19 /* HexagonParameters.swift in Sources */,
				8CD9064D255AF149002DEF19 /* HikeBadge.swift in Sources */,
				8CD90605255AE052002DEF19 /* RotatedBadgeSymbol.swift in Sources */,
				8CD90600255ADFEB002DEF19 /* BadgeSymbol.swift in Sources */,
				8CD905D9255AD785002DEF19 /* UserData.swift in Sources */,
				8C315D112558AD1700AD01B5 /* LandmarkList.swift in Sources */,
				8CD90648255AF107002DEF19 /* ProfileSummary.swift in Sources */,
				8CD905F3255ADEF6002DEF19 /* BadgeBackground.swift in Sources */,
				8C315C9E2558A0C300AD01B5 /* LandmarkDetail.swift in Sources */,
				8C315C9C2558A0C300AD01B5 /* land_mppApp.swift in Sources */,
				8C315D0C2558AC8300AD01B5 /* LandmarkRow.swift in Sources */,
				8CD9061A255AE44E002DEF19 /* GraphCapsule.swift in Sources */,
				8CD9060A255AE3CD002DEF19 /* HikeView.swift in Sources */,
				8CD9063A255AF04D002DEF19 /* Profile.swift in Sources */,
				8C315CD72558A92500AD01B5 /* Landmark.swift in Sources */,
				8CD9060F255AE402002DEF19 /* HikeDetail.swift in Sources */,
			);
			runOnlyForDeploymentPostprocessing = 0;
		};
		8C315CA52558A0C600AD01B5 /* Sources */ = {
			isa = PBXSourcesBuildPhase;
			buildActionMask = 2147483647;
			files = (
				8C315CAE2558A0C600AD01B5 /* land_mppTests.swift in Sources */,
			);
			runOnlyForDeploymentPostprocessing = 0;
		};
		8C315CB02558A0C600AD01B5 /* Sources */ = {
			isa = PBXSourcesBuildPhase;
			buildActionMask = 2147483647;
			files = (
				8C315CB92558A0C600AD01B5 /* land_mppUITests.swift in Sources */,
			);
			runOnlyForDeploymentPostprocessing = 0;
		};
/* End PBXSourcesBuildPhase section */

/* Begin PBXTargetDependency section */
		8C315CAB2558A0C600AD01B5 /* PBXTargetDependency */ = {
			isa = PBXTargetDependency;
			target = 8C315C972558A0C300AD01B5 /* land_mpp */;
			targetProxy = 8C315CAA2558A0C600AD01B5 /* PBXContainerItemProxy */;
		};
		8C315CB62558A0C600AD01B5 /* PBXTargetDependency */ = {
			isa = PBXTargetDependency;
			target = 8C315C972558A0C300AD01B5 /* land_mpp */;
			targetProxy = 8C315CB52558A0C600AD01B5 /* PBXContainerItemProxy */;
		};
/* End PBXTargetDependency section */

/* Begin XCBuildConfiguration section */
		8C315CBB2558A0C600AD01B5 /* Debug */ = {
			isa = XCBuildConfiguration;
			buildSettings = {
				ALWAYS_SEARCH_USER_PATHS = NO;
				CLANG_ANALYZER_NONNULL = YES;
				CLANG_ANALYZER_NUMBER_OBJECT_CONVERSION = YES_AGGRESSIVE;
				CLANG_CXX_LANGUAGE_STANDARD = "gnu++14";
				CLANG_CXX_LIBRARY = "libc++";
				CLANG_ENABLE_MODULES = YES;
				CLANG_ENABLE_OBJC_ARC = YES;
				CLANG_ENABLE_OBJC_WEAK = YES;
				CLANG_WARN_BLOCK_CAPTURE_AUTORELEASING = YES;
				CLANG_WARN_BOOL_CONVERSION = YES;
				CLANG_WARN_COMMA = YES;
				CLANG_WARN_CONSTANT_CONVERSION = YES;
				CLANG_WARN_DEPRECATED_OBJC_IMPLEMENTATIONS = YES;
				CLANG_WARN_DIRECT_OBJC_ISA_USAGE = YES_ERROR;
				CLANG_WARN_DOCUMENTATION_COMMENTS = YES;
				CLANG_WARN_EMPTY_BODY = YES;
				CLANG_WARN_ENUM_CONVERSION = YES;
				CLANG_WARN_INFINITE_RECURSION = YES;
				CLANG_WARN_INT_CONVERSION = YES;
				CLANG_WARN_NON_LITERAL_NULL_CONVERSION = YES;
				CLANG_WARN_OBJC_IMPLICIT_RETAIN_SELF = YES;
				CLANG_WARN_OBJC_LITERAL_CONVERSION = YES;
				CLANG_WARN_OBJC_ROOT_CLASS = YES_ERROR;
				CLANG_WARN_QUOTED_INCLUDE_IN_FRAMEWORK_HEADER = YES;
				CLANG_WARN_RANGE_LOOP_ANALYSIS = YES;
				CLANG_WARN_STRICT_PROTOTYPES = YES;
				CLANG_WARN_SUSPICIOUS_MOVE = YES;
				CLANG_WARN_UNGUARDED_AVAILABILITY = YES_AGGRESSIVE;
				CLANG_WARN_UNREACHABLE_CODE = YES;
				CLANG_WARN__DUPLICATE_METHOD_MATCH = YES;
				COPY_PHASE_STRIP = NO;
				DEBUG_INFORMATION_FORMAT = dwarf;
				ENABLE_STRICT_OBJC_MSGSEND = YES;
				ENABLE_TESTABILITY = YES;
				GCC_C_LANGUAGE_STANDARD = gnu11;
				GCC_DYNAMIC_NO_PIC = NO;
				GCC_NO_COMMON_BLOCKS = YES;
				GCC_OPTIMIZATION_LEVEL = 0;
				GCC_PREPROCESSOR_DEFINITIONS = (
					"DEBUG=1",
					"$(inherited)",
				);
				GCC_WARN_64_TO_32_BIT_CONVERSION = YES;
				GCC_WARN_ABOUT_RETURN_TYPE = YES_ERROR;
				GCC_WARN_UNDECLARED_SELECTOR = YES;
				GCC_WARN_UNINITIALIZED_AUTOS = YES_AGGRESSIVE;
				GCC_WARN_UNUSED_FUNCTION = YES;
				GCC_WARN_UNUSED_VARIABLE = YES;
				IPHONEOS_DEPLOYMENT_TARGET = 14.0;
				MTL_ENABLE_DEBUG_INFO = INCLUDE_SOURCE;
				MTL_FAST_MATH = YES;
				ONLY_ACTIVE_ARCH = YES;
				SDKROOT = iphoneos;
				SWIFT_ACTIVE_COMPILATION_CONDITIONS = DEBUG;
				SWIFT_OPTIMIZATION_LEVEL = "-Onone";
			};
			name = Debug;
		};
		8C315CBC2558A0C600AD01B5 /* Release */ = {
			isa = XCBuildConfiguration;
			buildSettings = {
				ALWAYS_SEARCH_USER_PATHS = NO;
				CLANG_ANALYZER_NONNULL = YES;
				CLANG_ANALYZER_NUMBER_OBJECT_CONVERSION = YES_AGGRESSIVE;
				CLANG_CXX_LANGUAGE_STANDARD = "gnu++14";
				CLANG_CXX_LIBRARY = "libc++";
				CLANG_ENABLE_MODULES = YES;
				CLANG_ENABLE_OBJC_ARC = YES;
				CLANG_ENABLE_OBJC_WEAK = YES;
				CLANG_WARN_BLOCK_CAPTURE_AUTORELEASING = YES;
				CLANG_WARN_BOOL_CONVERSION = YES;
				CLANG_WARN_COMMA = YES;
				CLANG_WARN_CONSTANT_CONVERSION = YES;
				CLANG_WARN_DEPRECATED_OBJC_IMPLEMENTATIONS = YES;
				CLANG_WARN_DIRECT_OBJC_ISA_USAGE = YES_ERROR;
				CLANG_WARN_DOCUMENTATION_COMMENTS = YES;
				CLANG_WARN_EMPTY_BODY = YES;
				CLANG_WARN_ENUM_CONVERSION = YES;
				CLANG_WARN_INFINITE_RECURSION = YES;
				CLANG_WARN_INT_CONVERSION = YES;
				CLANG_WARN_NON_LITERAL_NULL_CONVERSION = YES;
				CLANG_WARN_OBJC_IMPLICIT_RETAIN_SELF = YES;
				CLANG_WARN_OBJC_LITERAL_CONVERSION = YES;
				CLANG_WARN_OBJC_ROOT_CLASS = YES_ERROR;
				CLANG_WARN_QUOTED_INCLUDE_IN_FRAMEWORK_HEADER = YES;
				CLANG_WARN_RANGE_LOOP_ANALYSIS = YES;
				CLANG_WARN_STRICT_PROTOTYPES = YES;
				CLANG_WARN_SUSPICIOUS_MOVE = YES;
				CLANG_WARN_UNGUARDED_AVAILABILITY = YES_AGGRESSIVE;
				CLANG_WARN_UNREACHABLE_CODE = YES;
				CLANG_WARN__DUPLICATE_METHOD_MATCH = YES;
				COPY_PHASE_STRIP = NO;
				DEBUG_INFORMATION_FORMAT = "dwarf-with-dsym";
				ENABLE_NS_ASSERTIONS = NO;
				ENABLE_STRICT_OBJC_MSGSEND = YES;
				GCC_C_LANGUAGE_STANDARD = gnu11;
				GCC_NO_COMMON_BLOCKS = YES;
				GCC_WARN_64_TO_32_BIT_CONVERSION = YES;
				GCC_WARN_ABOUT_RETURN_TYPE = YES_ERROR;
				GCC_WARN_UNDECLARED_SELECTOR = YES;
				GCC_WARN_UNINITIALIZED_AUTOS = YES_AGGRESSIVE;
				GCC_WARN_UNUSED_FUNCTION = YES;
				GCC_WARN_UNUSED_VARIABLE = YES;
				IPHONEOS_DEPLOYMENT_TARGET = 14.0;
				MTL_ENABLE_DEBUG_INFO = NO;
				MTL_FAST_MATH = YES;
				SDKROOT = iphoneos;
				SWIFT_COMPILATION_MODE = wholemodule;
				SWIFT_OPTIMIZATION_LEVEL = "-O";
				VALIDATE_PRODUCT = YES;
			};
			name = Release;
		};
		8C315CBE2558A0C600AD01B5 /* Debug */ = {
			isa = XCBuildConfiguration;
			buildSettings = {
				ASSETCATALOG_COMPILER_APPICON_NAME = "AppIcon-1";
				ASSETCATALOG_COMPILER_GLOBAL_ACCENT_COLOR_NAME = AccentColor;
				CODE_SIGN_STYLE = Automatic;
				DEVELOPMENT_ASSET_PATHS = "\"land_mpp/Preview Content\"";
				ENABLE_PREVIEWS = YES;
				INFOPLIST_FILE = land_mpp/Info.plist;
				IPHONEOS_DEPLOYMENT_TARGET = 14.0;
				LD_RUNPATH_SEARCH_PATHS = (
					"$(inherited)",
					"@executable_path/Frameworks",
				);
				PRODUCT_BUNDLE_IDENTIFIER = "com.matthewpietr.land-mpp";
				PRODUCT_NAME = "$(TARGET_NAME)";
				SWIFT_VERSION = 5.0;
				TARGETED_DEVICE_FAMILY = "1,2";
			};
			name = Debug;
		};
		8C315CBF2558A0C600AD01B5 /* Release */ = {
			isa = XCBuildConfiguration;
			buildSettings = {
				ASSETCATALOG_COMPILER_APPICON_NAME = "AppIcon-1";
				ASSETCATALOG_COMPILER_GLOBAL_ACCENT_COLOR_NAME = AccentColor;
				CODE_SIGN_STYLE = Automatic;
				DEVELOPMENT_ASSET_PATHS = "\"land_mpp/Preview Content\"";
				ENABLE_PREVIEWS = YES;
				INFOPLIST_FILE = land_mpp/Info.plist;
				IPHONEOS_DEPLOYMENT_TARGET = 14.0;
				LD_RUNPATH_SEARCH_PATHS = (
					"$(inherited)",
					"@executable_path/Frameworks",
				);
				PRODUCT_BUNDLE_IDENTIFIER = "com.matthewpietr.land-mpp";
				PRODUCT_NAME = "$(TARGET_NAME)";
				SWIFT_VERSION = 5.0;
				TARGETED_DEVICE_FAMILY = "1,2";
			};
			name = Release;
		};
		8C315CC12558A0C600AD01B5 /* Debug */ = {
			isa = XCBuildConfiguration;
			buildSettings = {
				ALWAYS_EMBED_SWIFT_STANDARD_LIBRARIES = YES;
				BUNDLE_LOADER = "$(TEST_HOST)";
				CODE_SIGN_STYLE = Automatic;
				INFOPLIST_FILE = land_mppTests/Info.plist;
				IPHONEOS_DEPLOYMENT_TARGET = 14.0;
				LD_RUNPATH_SEARCH_PATHS = (
					"$(inherited)",
					"@executable_path/Frameworks",
					"@loader_path/Frameworks",
				);
				PRODUCT_BUNDLE_IDENTIFIER = "com.matthewpietr.land-mppTests";
				PRODUCT_NAME = "$(TARGET_NAME)";
				SWIFT_VERSION = 5.0;
				TARGETED_DEVICE_FAMILY = "1,2";
				TEST_HOST = "$(BUILT_PRODUCTS_DIR)/land_mpp.app/land_mpp";
			};
			name = Debug;
		};
		8C315CC22558A0C600AD01B5 /* Release */ = {
			isa = XCBuildConfiguration;
			buildSettings = {
				ALWAYS_EMBED_SWIFT_STANDARD_LIBRARIES = YES;
				BUNDLE_LOADER = "$(TEST_HOST)";
				CODE_SIGN_STYLE = Automatic;
				INFOPLIST_FILE = land_mppTests/Info.plist;
				IPHONEOS_DEPLOYMENT_TARGET = 14.0;
				LD_RUNPATH_SEARCH_PATHS = (
					"$(inherited)",
					"@executable_path/Frameworks",
					"@loader_path/Frameworks",
				);
				PRODUCT_BUNDLE_IDENTIFIER = "com.matthewpietr.land-mppTests";
				PRODUCT_NAME = "$(TARGET_NAME)";
				SWIFT_VERSION = 5.0;
				TARGETED_DEVICE_FAMILY = "1,2";
				TEST_HOST = "$(BUILT_PRODUCTS_DIR)/land_mpp.app/land_mpp";
			};
			name = Release;
		};
		8C315CC42558A0C600AD01B5 /* Debug */ = {
			isa = XCBuildConfiguration;
			buildSettings = {
				ALWAYS_EMBED_SWIFT_STANDARD_LIBRARIES = YES;
				CODE_SIGN_STYLE = Automatic;
				INFOPLIST_FILE = land_mppUITests/Info.plist;
				LD_RUNPATH_SEARCH_PATHS = (
					"$(inherited)",
					"@executable_path/Frameworks",
					"@loader_path/Frameworks",
				);
				PRODUCT_BUNDLE_IDENTIFIER = "com.matthewpietr.land-mppUITests";
				PRODUCT_NAME = "$(TARGET_NAME)";
				SWIFT_VERSION = 5.0;
				TARGETED_DEVICE_FAMILY = "1,2";
				TEST_TARGET_NAME = land_mpp;
			};
			name = Debug;
		};
		8C315CC52558A0C600AD01B5 /* Release */ = {
			isa = XCBuildConfiguration;
			buildSettings = {
				ALWAYS_EMBED_SWIFT_STANDARD_LIBRARIES = YES;
				CODE_SIGN_STYLE = Automatic;
				INFOPLIST_FILE = land_mppUITests/Info.plist;
				LD_RUNPATH_SEARCH_PATHS = (
					"$(inherited)",
					"@executable_path/Frameworks",
					"@loader_path/Frameworks",
				);
				PRODUCT_BUNDLE_IDENTIFIER = "com.matthewpietr.land-mppUITests";
				PRODUCT_NAME = "$(TARGET_NAME)";
				SWIFT_VERSION = 5.0;
				TARGETED_DEVICE_FAMILY = "1,2";
				TEST_TARGET_NAME = land_mpp;
			};
			name = Release;
		};
/* End XCBuildConfiguration section */

/* Begin XCConfigurationList section */
		8C315C932558A0C300AD01B5 /* Build configuration list for PBXProject "land_mpp" */ = {
			isa = XCConfigurationList;
			buildConfigurations = (
				8C315CBB2558A0C600AD01B5 /* Debug */,
				8C315CBC2558A0C600AD01B5 /* Release */,
			);
			defaultConfigurationIsVisible = 0;
			defaultConfigurationName = Release;
		};
		8C315CBD2558A0C600AD01B5 /* Build configuration list for PBXNativeTarget "land_mpp" */ = {
			isa = XCConfigurationList;
			buildConfigurations = (
				8C315CBE2558A0C600AD01B5 /* Debug */,
				8C315CBF2558A0C600AD01B5 /* Release */,
			);
			defaultConfigurationIsVisible = 0;
			defaultConfigurationName = Release;
		};
		8C315CC02558A0C600AD01B5 /* Build configuration list for PBXNativeTarget "land_mppTests" */ = {
			isa = XCConfigurationList;
			buildConfigurations = (
				8C315CC12558A0C600AD01B5 /* Debug */,
				8C315CC22558A0C600AD01B5 /* Release */,
			);
			defaultConfigurationIsVisible = 0;
			defaultConfigurationName = Release;
		};
		8C315CC32558A0C600AD01B5 /* Build configuration list for PBXNativeTarget "land_mppUITests" */ = {
			isa = XCConfigurationList;
			buildConfigurations = (
				8C315CC42558A0C600AD01B5 /* Debug */,
				8C315CC52558A0C600AD01B5 /* Release */,
			);
			defaultConfigurationIsVisible = 0;
			defaultConfigurationName = Release;
		};
/* End XCConfigurationList section */
	};
	rootObject = 8C315C902558A0C300AD01B5 /* Project object */;
}
